// !$*UTF8*$!
{
	archiveVersion = 1;
	classes = {
	};
	objectVersion = 50;
	objects = {

/* Begin PBXBuildFile section */
		705926D5212A5DE800BE8BB4 /* AppDelegate.swift in Sources */ = {isa = PBXBuildFile; fileRef = 705926D4212A5DE800BE8BB4 /* AppDelegate.swift */; };
		705926D7212A5DE800BE8BB4 /* ViewController.swift in Sources */ = {isa = PBXBuildFile; fileRef = 705926D6212A5DE800BE8BB4 /* ViewController.swift */; };
		705926DA212A5DE800BE8BB4 /* Main.storyboard in Resources */ = {isa = PBXBuildFile; fileRef = 705926D8212A5DE800BE8BB4 /* Main.storyboard */; };
		705926DC212A5DEA00BE8BB4 /* Assets.xcassets in Resources */ = {isa = PBXBuildFile; fileRef = 705926DB212A5DEA00BE8BB4 /* Assets.xcassets */; };
		705926DF212A5DEA00BE8BB4 /* LaunchScreen.storyboard in Resources */ = {isa = PBXBuildFile; fileRef = 705926DD212A5DEA00BE8BB4 /* LaunchScreen.storyboard */; };
		705926EC212A5E5500BE8BB4 /* BaseApi.swift in Sources */ = {isa = PBXBuildFile; fileRef = 705926E7212A5E5500BE8BB4 /* BaseApi.swift */; };
		705926ED212A5E5500BE8BB4 /* Response+serial.swift in Sources */ = {isa = PBXBuildFile; fileRef = 705926E8212A5E5500BE8BB4 /* Response+serial.swift */; };
		705926EE212A5E5500BE8BB4 /* ResponseHandle.swift in Sources */ = {isa = PBXBuildFile; fileRef = 705926E9212A5E5500BE8BB4 /* ResponseHandle.swift */; };
		705926EF212A5E5500BE8BB4 /* BaseModel.swift in Sources */ = {isa = PBXBuildFile; fileRef = 705926EA212A5E5500BE8BB4 /* BaseModel.swift */; };
		705926F0212A5E5500BE8BB4 /* API.swift in Sources */ = {isa = PBXBuildFile; fileRef = 705926EB212A5E5500BE8BB4 /* API.swift */; };
		EEA24EACC7D289FEEC3F2AA9 /* libPods-WDL_TYR.a in Frameworks */ = {isa = PBXBuildFile; fileRef = 56BFCD95760ACFD99314CCA9 /* libPods-WDL_TYR.a */; };
/* End PBXBuildFile section */

/* Begin PBXFileReference section */
		56BFCD95760ACFD99314CCA9 /* libPods-WDL_TYR.a */ = {isa = PBXFileReference; explicitFileType = archive.ar; includeInIndex = 0; path = "libPods-WDL_TYR.a"; sourceTree = BUILT_PRODUCTS_DIR; };
		705926D1212A5DE800BE8BB4 /* WDL_TYR.app */ = {isa = PBXFileReference; explicitFileType = wrapper.application; includeInIndex = 0; path = WDL_TYR.app; sourceTree = BUILT_PRODUCTS_DIR; };
		705926D4212A5DE800BE8BB4 /* AppDelegate.swift */ = {isa = PBXFileReference; lastKnownFileType = sourcecode.swift; path = AppDelegate.swift; sourceTree = "<group>"; };
		705926D6212A5DE800BE8BB4 /* ViewController.swift */ = {isa = PBXFileReference; lastKnownFileType = sourcecode.swift; path = ViewController.swift; sourceTree = "<group>"; };
		705926D9212A5DE800BE8BB4 /* Base */ = {isa = PBXFileReference; lastKnownFileType = file.storyboard; name = Base; path = Base.lproj/Main.storyboard; sourceTree = "<group>"; };
		705926DB212A5DEA00BE8BB4 /* Assets.xcassets */ = {isa = PBXFileReference; lastKnownFileType = folder.assetcatalog; path = Assets.xcassets; sourceTree = "<group>"; };
		705926DE212A5DEA00BE8BB4 /* Base */ = {isa = PBXFileReference; lastKnownFileType = file.storyboard; name = Base; path = Base.lproj/LaunchScreen.storyboard; sourceTree = "<group>"; };
		705926E0212A5DEA00BE8BB4 /* Info.plist */ = {isa = PBXFileReference; lastKnownFileType = text.plist.xml; path = Info.plist; sourceTree = "<group>"; };
		705926E7212A5E5500BE8BB4 /* BaseApi.swift */ = {isa = PBXFileReference; fileEncoding = 4; lastKnownFileType = sourcecode.swift; path = BaseApi.swift; sourceTree = "<group>"; };
		705926E8212A5E5500BE8BB4 /* Response+serial.swift */ = {isa = PBXFileReference; fileEncoding = 4; lastKnownFileType = sourcecode.swift; path = "Response+serial.swift"; sourceTree = "<group>"; };
		705926E9212A5E5500BE8BB4 /* ResponseHandle.swift */ = {isa = PBXFileReference; fileEncoding = 4; lastKnownFileType = sourcecode.swift; path = ResponseHandle.swift; sourceTree = "<group>"; };
		705926EA212A5E5500BE8BB4 /* BaseModel.swift */ = {isa = PBXFileReference; fileEncoding = 4; lastKnownFileType = sourcecode.swift; path = BaseModel.swift; sourceTree = "<group>"; };
		705926EB212A5E5500BE8BB4 /* API.swift */ = {isa = PBXFileReference; fileEncoding = 4; lastKnownFileType = sourcecode.swift; path = API.swift; sourceTree = "<group>"; };
		7B98DB91CC1D21DD721D7197 /* Pods-WDL_TYR.release.xcconfig */ = {isa = PBXFileReference; includeInIndex = 1; lastKnownFileType = text.xcconfig; name = "Pods-WDL_TYR.release.xcconfig"; path = "Pods/Target Support Files/Pods-WDL_TYR/Pods-WDL_TYR.release.xcconfig"; sourceTree = "<group>"; };
		EF69E9CA55EB87BF8CE7D10E /* Pods-WDL_TYR.debug.xcconfig */ = {isa = PBXFileReference; includeInIndex = 1; lastKnownFileType = text.xcconfig; name = "Pods-WDL_TYR.debug.xcconfig"; path = "Pods/Target Support Files/Pods-WDL_TYR/Pods-WDL_TYR.debug.xcconfig"; sourceTree = "<group>"; };
/* End PBXFileReference section */

/* Begin PBXFrameworksBuildPhase section */
		705926CE212A5DE800BE8BB4 /* Frameworks */ = {
			isa = PBXFrameworksBuildPhase;
			buildActionMask = 2147483647;
			files = (
				EEA24EACC7D289FEEC3F2AA9 /* libPods-WDL_TYR.a in Frameworks */,
			);
			runOnlyForDeploymentPostprocessing = 0;
		};
/* End PBXFrameworksBuildPhase section */

/* Begin PBXGroup section */
		705926C8212A5DE800BE8BB4 = {
			isa = PBXGroup;
			children = (
				705926D3212A5DE800BE8BB4 /* WDL_TYR */,
				705926D2212A5DE800BE8BB4 /* Products */,
				9F031BF2BF0C258847DB5383 /* Pods */,
				A67AB4968A3ED656E707CD7D /* Frameworks */,
			);
			sourceTree = "<group>";
		};
		705926D2212A5DE800BE8BB4 /* Products */ = {
			isa = PBXGroup;
			children = (
				705926D1212A5DE800BE8BB4 /* WDL_TYR.app */,
			);
			name = Products;
			sourceTree = "<group>";
		};
		705926D3212A5DE800BE8BB4 /* WDL_TYR */ = {
			isa = PBXGroup;
			children = (
				705926E6212A5E5500BE8BB4 /* API */,
				705926D4212A5DE800BE8BB4 /* AppDelegate.swift */,
				705926D6212A5DE800BE8BB4 /* ViewController.swift */,
				705926D8212A5DE800BE8BB4 /* Main.storyboard */,
				705926DB212A5DEA00BE8BB4 /* Assets.xcassets */,
				705926DD212A5DEA00BE8BB4 /* LaunchScreen.storyboard */,
				705926E0212A5DEA00BE8BB4 /* Info.plist */,
			);
			path = WDL_TYR;
			sourceTree = "<group>";
		};
		705926E6212A5E5500BE8BB4 /* API */ = {
			isa = PBXGroup;
			children = (
				705926E7212A5E5500BE8BB4 /* BaseApi.swift */,
				705926E8212A5E5500BE8BB4 /* Response+serial.swift */,
				705926E9212A5E5500BE8BB4 /* ResponseHandle.swift */,
				705926EA212A5E5500BE8BB4 /* BaseModel.swift */,
				705926EB212A5E5500BE8BB4 /* API.swift */,
			);
			path = API;
			sourceTree = "<group>";
		};
		9F031BF2BF0C258847DB5383 /* Pods */ = {
			isa = PBXGroup;
			children = (
				EF69E9CA55EB87BF8CE7D10E /* Pods-WDL_TYR.debug.xcconfig */,
				7B98DB91CC1D21DD721D7197 /* Pods-WDL_TYR.release.xcconfig */,
			);
			name = Pods;
			sourceTree = "<group>";
		};
		A67AB4968A3ED656E707CD7D /* Frameworks */ = {
			isa = PBXGroup;
			children = (
				56BFCD95760ACFD99314CCA9 /* libPods-WDL_TYR.a */,
			);
			name = Frameworks;
			sourceTree = "<group>";
		};
/* End PBXGroup section */

/* Begin PBXNativeTarget section */
		705926D0212A5DE800BE8BB4 /* WDL_TYR */ = {
			isa = PBXNativeTarget;
			buildConfigurationList = 705926E3212A5DEA00BE8BB4 /* Build configuration list for PBXNativeTarget "WDL_TYR" */;
			buildPhases = (
				9A46BF74A1A200CF8DB4CD80 /* [CP] Check Pods Manifest.lock */,
				705926CD212A5DE800BE8BB4 /* Sources */,
				705926CE212A5DE800BE8BB4 /* Frameworks */,
				705926CF212A5DE800BE8BB4 /* Resources */,
			);
			buildRules = (
			);
			dependencies = (
			);
			name = WDL_TYR;
			productName = WDL_TYR;
			productReference = 705926D1212A5DE800BE8BB4 /* WDL_TYR.app */;
			productType = "com.apple.product-type.application";
		};
/* End PBXNativeTarget section */

/* Begin PBXProject section */
		705926C9212A5DE800BE8BB4 /* Project object */ = {
			isa = PBXProject;
			attributes = {
				LastSwiftUpdateCheck = 0940;
				LastUpgradeCheck = 0940;
				ORGANIZATIONNAME = yingli;
				TargetAttributes = {
					705926D0212A5DE800BE8BB4 = {
						CreatedOnToolsVersion = 9.4.1;
					};
				};
			};
			buildConfigurationList = 705926CC212A5DE800BE8BB4 /* Build configuration list for PBXProject "WDL_TYR" */;
			compatibilityVersion = "Xcode 9.3";
			developmentRegion = en;
			hasScannedForEncodings = 0;
			knownRegions = (
				en,
				Base,
			);
			mainGroup = 705926C8212A5DE800BE8BB4;
			productRefGroup = 705926D2212A5DE800BE8BB4 /* Products */;
			projectDirPath = "";
			projectRoot = "";
			targets = (
				705926D0212A5DE800BE8BB4 /* WDL_TYR */,
			);
		};
/* End PBXProject section */

/* Begin PBXResourcesBuildPhase section */
		705926CF212A5DE800BE8BB4 /* Resources */ = {
			isa = PBXResourcesBuildPhase;
			buildActionMask = 2147483647;
			files = (
				705926DF212A5DEA00BE8BB4 /* LaunchScreen.storyboard in Resources */,
				705926DC212A5DEA00BE8BB4 /* Assets.xcassets in Resources */,
				705926DA212A5DE800BE8BB4 /* Main.storyboard in Resources */,
			);
			runOnlyForDeploymentPostprocessing = 0;
		};
/* End PBXResourcesBuildPhase section */

/* Begin PBXShellScriptBuildPhase section */
		9A46BF74A1A200CF8DB4CD80 /* [CP] Check Pods Manifest.lock */ = {
			isa = PBXShellScriptBuildPhase;
			buildActionMask = 2147483647;
			files = (
			);
			inputPaths = (
				"${PODS_PODFILE_DIR_PATH}/Podfile.lock",
				"${PODS_ROOT}/Manifest.lock",
			);
			name = "[CP] Check Pods Manifest.lock";
			outputPaths = (
				"$(DERIVED_FILE_DIR)/Pods-WDL_TYR-checkManifestLockResult.txt",
			);
			runOnlyForDeploymentPostprocessing = 0;
			shellPath = /bin/sh;
			shellScript = "diff \"${PODS_PODFILE_DIR_PATH}/Podfile.lock\" \"${PODS_ROOT}/Manifest.lock\" > /dev/null\nif [ $? != 0 ] ; then\n    # print error to STDERR\n    echo \"error: The sandbox is not in sync with the Podfile.lock. Run 'pod install' or update your CocoaPods installation.\" >&2\n    exit 1\nfi\n# This output is used by Xcode 'outputs' to avoid re-running this script phase.\necho \"SUCCESS\" > \"${SCRIPT_OUTPUT_FILE_0}\"\n";
			showEnvVarsInLog = 0;
		};
/* End PBXShellScriptBuildPhase section */

/* Begin PBXSourcesBuildPhase section */
		705926CD212A5DE800BE8BB4 /* Sources */ = {
			isa = PBXSourcesBuildPhase;
			buildActionMask = 2147483647;
			files = (
				705926EF212A5E5500BE8BB4 /* BaseModel.swift in Sources */,
				705926D7212A5DE800BE8BB4 /* ViewController.swift in Sources */,
				705926D5212A5DE800BE8BB4 /* AppDelegate.swift in Sources */,
				705926EE212A5E5500BE8BB4 /* ResponseHandle.swift in Sources */,
				705926ED212A5E5500BE8BB4 /* Response+serial.swift in Sources */,
				705926EC212A5E5500BE8BB4 /* BaseApi.swift in Sources */,
				705926F0212A5E5500BE8BB4 /* API.swift in Sources */,
			);
			runOnlyForDeploymentPostprocessing = 0;
		};
/* End PBXSourcesBuildPhase section */

/* Begin PBXVariantGroup section */
		705926D8212A5DE800BE8BB4 /* Main.storyboard */ = {
			isa = PBXVariantGroup;
			children = (
				705926D9212A5DE800BE8BB4 /* Base */,
			);
			name = Main.storyboard;
			sourceTree = "<group>";
		};
		705926DD212A5DEA00BE8BB4 /* LaunchScreen.storyboard */ = {
			isa = PBXVariantGroup;
			children = (
				705926DE212A5DEA00BE8BB4 /* Base */,
			);
			name = LaunchScreen.storyboard;
			sourceTree = "<group>";
		};
/* End PBXVariantGroup section */

/* Begin XCBuildConfiguration section */
		705926E1212A5DEA00BE8BB4 /* Debug */ = {
			isa = XCBuildConfiguration;
			buildSettings = {
				ALWAYS_SEARCH_USER_PATHS = NO;
				CLANG_ANALYZER_NONNULL = YES;
				CLANG_ANALYZER_NUMBER_OBJECT_CONVERSION = YES_AGGRESSIVE;
				CLANG_CXX_LANGUAGE_STANDARD = "gnu++14";
				CLANG_CXX_LIBRARY = "libc++";
				CLANG_ENABLE_MODULES = YES;
				CLANG_ENABLE_OBJC_ARC = YES;
				CLANG_ENABLE_OBJC_WEAK = YES;
				CLANG_WARN_BLOCK_CAPTURE_AUTORELEASING = YES;
				CLANG_WARN_BOOL_CONVERSION = YES;
				CLANG_WARN_COMMA = YES;
				CLANG_WARN_CONSTANT_CONVERSION = YES;
				CLANG_WARN_DEPRECATED_OBJC_IMPLEMENTATIONS = YES;
				CLANG_WARN_DIRECT_OBJC_ISA_USAGE = YES_ERROR;
				CLANG_WARN_DOCUMENTATION_COMMENTS = YES;
				CLANG_WARN_EMPTY_BODY = YES;
				CLANG_WARN_ENUM_CONVERSION = YES;
				CLANG_WARN_INFINITE_RECURSION = YES;
				CLANG_WARN_INT_CONVERSION = YES;
				CLANG_WARN_NON_LITERAL_NULL_CONVERSION = YES;
				CLANG_WARN_OBJC_IMPLICIT_RETAIN_SELF = YES;
				CLANG_WARN_OBJC_LITERAL_CONVERSION = YES;
				CLANG_WARN_OBJC_ROOT_CLASS = YES_ERROR;
				CLANG_WARN_RANGE_LOOP_ANALYSIS = YES;
				CLANG_WARN_STRICT_PROTOTYPES = YES;
				CLANG_WARN_SUSPICIOUS_MOVE = YES;
				CLANG_WARN_UNGUARDED_AVAILABILITY = YES_AGGRESSIVE;
				CLANG_WARN_UNREACHABLE_CODE = YES;
				CLANG_WARN__DUPLICATE_METHOD_MATCH = YES;
				CODE_SIGN_IDENTITY = "iPhone Developer";
				COPY_PHASE_STRIP = NO;
				DEBUG_INFORMATION_FORMAT = dwarf;
				ENABLE_STRICT_OBJC_MSGSEND = YES;
				ENABLE_TESTABILITY = YES;
				GCC_C_LANGUAGE_STANDARD = gnu11;
				GCC_DYNAMIC_NO_PIC = NO;
				GCC_NO_COMMON_BLOCKS = YES;
				GCC_OPTIMIZATION_LEVEL = 0;
				GCC_PREPROCESSOR_DEFINITIONS = (
					"DEBUG=1",
					"$(inherited)",
				);
				GCC_WARN_64_TO_32_BIT_CONVERSION = YES;
				GCC_WARN_ABOUT_RETURN_TYPE = YES_ERROR;
				GCC_WARN_UNDECLARED_SELECTOR = YES;
				GCC_WARN_UNINITIALIZED_AUTOS = YES_AGGRESSIVE;
				GCC_WARN_UNUSED_FUNCTION = YES;
				GCC_WARN_UNUSED_VARIABLE = YES;
				IPHONEOS_DEPLOYMENT_TARGET = 11.4;
				MTL_ENABLE_DEBUG_INFO = YES;
				ONLY_ACTIVE_ARCH = YES;
				SDKROOT = iphoneos;
				SWIFT_ACTIVE_COMPILATION_CONDITIONS = DEBUG;
				SWIFT_OPTIMIZATION_LEVEL = "-Onone";
			};
			name = Debug;
		};
		705926E2212A5DEA00BE8BB4 /* Release */ = {
			isa = XCBuildConfiguration;
			buildSettings = {
				ALWAYS_SEARCH_USER_PATHS = NO;
				CLANG_ANALYZER_NONNULL = YES;
				CLANG_ANALYZER_NUMBER_OBJECT_CONVERSION = YES_AGGRESSIVE;
				CLANG_CXX_LANGUAGE_STANDARD = "gnu++14";
				CLANG_CXX_LIBRARY = "libc++";
				CLANG_ENABLE_MODULES = YES;
				CLANG_ENABLE_OBJC_ARC = YES;
				CLANG_ENABLE_OBJC_WEAK = YES;
				CLANG_WARN_BLOCK_CAPTURE_AUTORELEASING = YES;
				CLANG_WARN_BOOL_CONVERSION = YES;
				CLANG_WARN_COMMA = YES;
				CLANG_WARN_CONSTANT_CONVERSION = YES;
				CLANG_WARN_DEPRECATED_OBJC_IMPLEMENTATIONS = YES;
				CLANG_WARN_DIRECT_OBJC_ISA_USAGE = YES_ERROR;
				CLANG_WARN_DOCUMENTATION_COMMENTS = YES;
				CLANG_WARN_EMPTY_BODY = YES;
				CLANG_WARN_ENUM_CONVERSION = YES;
				CLANG_WARN_INFINITE_RECURSION = YES;
				CLANG_WARN_INT_CONVERSION = YES;
				CLANG_WARN_NON_LITERAL_NULL_CONVERSION = YES;
				CLANG_WARN_OBJC_IMPLICIT_RETAIN_SELF = YES;
				CLANG_WARN_OBJC_LITERAL_CONVERSION = YES;
				CLANG_WARN_OBJC_ROOT_CLASS = YES_ERROR;
				CLANG_WARN_RANGE_LOOP_ANALYSIS = YES;
				CLANG_WARN_STRICT_PROTOTYPES = YES;
				CLANG_WARN_SUSPICIOUS_MOVE = YES;
				CLANG_WARN_UNGUARDED_AVAILABILITY = YES_AGGRESSIVE;
				CLANG_WARN_UNREACHABLE_CODE = YES;
				CLANG_WARN__DUPLICATE_METHOD_MATCH = YES;
				CODE_SIGN_IDENTITY = "iPhone Developer";
				COPY_PHASE_STRIP = NO;
				DEBUG_INFORMATION_FORMAT = "dwarf-with-dsym";
				ENABLE_NS_ASSERTIONS = NO;
				ENABLE_STRICT_OBJC_MSGSEND = YES;
				GCC_C_LANGUAGE_STANDARD = gnu11;
				GCC_NO_COMMON_BLOCKS = YES;
				GCC_WARN_64_TO_32_BIT_CONVERSION = YES;
				GCC_WARN_ABOUT_RETURN_TYPE = YES_ERROR;
				GCC_WARN_UNDECLARED_SELECTOR = YES;
				GCC_WARN_UNINITIALIZED_AUTOS = YES_AGGRESSIVE;
				GCC_WARN_UNUSED_FUNCTION = YES;
				GCC_WARN_UNUSED_VARIABLE = YES;
				IPHONEOS_DEPLOYMENT_TARGET = 11.4;
				MTL_ENABLE_DEBUG_INFO = NO;
				SDKROOT = iphoneos;
				SWIFT_COMPILATION_MODE = wholemodule;
				SWIFT_OPTIMIZATION_LEVEL = "-O";
				VALIDATE_PRODUCT = YES;
			};
			name = Release;
		};
		705926E4212A5DEA00BE8BB4 /* Debug */ = {
			isa = XCBuildConfiguration;
			baseConfigurationReference = EF69E9CA55EB87BF8CE7D10E /* Pods-WDL_TYR.debug.xcconfig */;
			buildSettings = {
				ASSETCATALOG_COMPILER_APPICON_NAME = AppIcon;
				CODE_SIGN_STYLE = Automatic;
				INFOPLIST_FILE = WDL_TYR/Info.plist;
				LD_RUNPATH_SEARCH_PATHS = (
					"$(inherited)",
					"@executable_path/Frameworks",
				);
				PRODUCT_BUNDLE_IDENTIFIER = "com.yinli.b2c.WDL-TYR";
				PRODUCT_NAME = "$(TARGET_NAME)";
				SWIFT_VERSION = 4.0;
				TARGETED_DEVICE_FAMILY = "1,2";
			};
			name = Debug;
		};
		705926E5212A5DEA00BE8BB4 /* Release */ = {
			isa = XCBuildConfiguration;
			baseConfigurationReference = 7B98DB91CC1D21DD721D7197 /* Pods-WDL_TYR.release.xcconfig */;
			buildSettings = {
				ASSETCATALOG_COMPILER_APPICON_NAME = AppIcon;
				CODE_SIGN_STYLE = Automatic;
				INFOPLIST_FILE = WDL_TYR/Info.plist;
				LD_RUNPATH_SEARCH_PATHS = (
					"$(inherited)",
					"@executable_path/Frameworks",
				);
				PRODUCT_BUNDLE_IDENTIFIER = "com.yinli.b2c.WDL-TYR";
				PRODUCT_NAME = "$(TARGET_NAME)";
				SWIFT_VERSION = 4.0;
				TARGETED_DEVICE_FAMILY = "1,2";
			};
			name = Release;
		};
/* End XCBuildConfiguration section */

/* Begin XCConfigurationList section */
		705926CC212A5DE800BE8BB4 /* Build configuration list for PBXProject "WDL_TYR" */ = {
			isa = XCConfigurationList;
			buildConfigurations = (
				705926E1212A5DEA00BE8BB4 /* Debug */,
				705926E2212A5DEA00BE8BB4 /* Release */,
			);
			defaultConfigurationIsVisible = 0;
			defaultConfigurationName = Release;
		};
		705926E3212A5DEA00BE8BB4 /* Build configuration list for PBXNativeTarget "WDL_TYR" */ = {
			isa = XCConfigurationList;
			buildConfigurations = (
				705926E4212A5DEA00BE8BB4 /* Debug */,
				705926E5212A5DEA00BE8BB4 /* Release */,
			);
			defaultConfigurationIsVisible = 0;
			defaultConfigurationName = Release;
		};
/* End XCConfigurationList section */
	};
	rootObject = 705926C9212A5DE800BE8BB4 /* Project object */;
}
